
Microsoft Visual Studio Solution File, Format Version 12.00
# Visual Studio Version 16
VisualStudioVersion = 16.0.31205.134
MinimumVisualStudioVersion = 10.0.40219.1
Project("{FAE04EC0-301F-11D3-BF4B-00C04F79EFBC}") = "VRCMoreParameters", "VRCMoreParameters\VRCMoreParameters.csproj", "{7ABE610D-DEA2-4C97-8D1C-FBEEA373057D}"
EndProject
Global
	GlobalSection(SolutionConfigurationPlatforms) = preSolution
		Debug|Any CPU = Debug|Any CPU
		Release|Any CPU = Release|Any CPU
	EndGlobalSection
	GlobalSection(ProjectConfigurationPlatforms) = postSolution
		{7ABE610D-DEA2-4C97-8D1C-FBEEA373057D}.Debug|Any CPU.ActiveCfg = Debug|Any CPU
		{7ABE610D-DEA2-4C97-8D1C-FBEEA373057D}.Debug|Any CPU.Build.0 = Debug|Any CPU
		{7ABE610D-DEA2-4C97-8D1C-FBEEA373057D}.Release|Any CPU.ActiveCfg = Release|Any CPU
		{7ABE610D-DEA2-4C97-8D1C-FBEEA373057D}.Release|Any CPU.Build.0 = Release|Any CPU
	EndGlobalSection
	GlobalSection(SolutionProperties) = preSolution
		HideSolutionNode = FALSE
	EndGlobalSection
	GlobalSection(ExtensibilityGlobals) = postSolution
		SolutionGuid = {F3F9D44E-D8CE-4F16-AD9E-64855484AE5B}
	EndGlobalSection
EndGlobal
